
Microsoft Visual Studio Solution File, Format Version 11.00
# Visual Studio 2010
Project("{8BC9CEB8-8B4A-11D0-8D11-00A0C91BC942}") = "Core", "Core\Core.vcxproj", "{3191F680-911F-454F-BA2D-C474D950959F}"
EndProject
Project("{8BC9CEB8-8B4A-11D0-8D11-00A0C91BC942}") = "GUI_Qt", "GUI_Qt\GUI_Qt.vcxproj", "{A174D4D3-B0CD-4DE3-8A4E-D19F10477B28}"
	ProjectSection(ProjectDependencies) = postProject
		{3191F680-911F-454F-BA2D-C474D950959F} = {3191F680-911F-454F-BA2D-C474D950959F}
	EndProjectSection
EndProject
Global
	GlobalSection(SolutionConfigurationPlatforms) = preSolution
		Debug|Win32 = Debug|Win32
		Release|Win32 = Release|Win32
	EndGlobalSection
	GlobalSection(ProjectConfigurationPlatforms) = postSolution
		{3191F680-911F-454F-BA2D-C474D950959F}.Debug|Win32.ActiveCfg = Debug|Win32
		{3191F680-911F-454F-BA2D-C474D950959F}.Debug|Win32.Build.0 = Debug|Win32
		{3191F680-911F-454F-BA2D-C474D950959F}.Release|Win32.ActiveCfg = Release|Win32
		{3191F680-911F-454F-BA2D-C474D950959F}.Release|Win32.Build.0 = Release|Win32
		{A174D4D3-B0CD-4DE3-8A4E-D19F10477B28}.Debug|Win32.ActiveCfg = Debug|Win32
		{A174D4D3-B0CD-4DE3-8A4E-D19F10477B28}.Debug|Win32.Build.0 = Debug|Win32
		{A174D4D3-B0CD-4DE3-8A4E-D19F10477B28}.Release|Win32.ActiveCfg = Release|Win32
		{A174D4D3-B0CD-4DE3-8A4E-D19F10477B28}.Release|Win32.Build.0 = Release|Win32
	EndGlobalSection
	GlobalSection(SolutionProperties) = preSolution
		HideSolutionNode = FALSE
	EndGlobalSection
EndGlobal
